{
  "name": "delicate_dunbar",
  "version": "1.0.0",
  "lockfileVersion": 3,
  "requires": true,
  "packages": {
    "": {
      "name": "delicate_dunbar",
      "version": "1.0.0",
      "license": "ISC",
      "dependencies": {
        "@splidejs/splide": "^4.1.4",
        "dropzone": "^6.0.0-beta.2",
        "meyer-css": "^2.0.1"
      }
    },
    "node_modules/@splidejs/splide": {
      "version": "4.1.4",
      "resolved": "https://registry.npmjs.org/@splidejs/splide/-/splide-4.1.4.tgz",
      "integrity": "sha512-5I30evTJcAJQXt6vJ26g2xEkG+l1nXcpEw4xpKh0/FWQ8ozmAeTbtniVtVmz2sH1Es3vgfC4SS8B2X4o5JMptA==",
      "license": "MIT"
    },
    "node_modules/@swc/helpers": {
      "version": "0.2.14",
      "resolved": "https://registry.npmjs.org/@swc/helpers/-/helpers-0.2.14.tgz",
      "integrity": "sha512-wpCQMhf5p5GhNg2MmGKXzUNwxe7zRiCsmqYsamez2beP7mKPCSiu+BjZcdN95yYSzO857kr0VfQewmGpS77nqA==",
      "license": "MIT"
    },
    "node_modules/dropzone": {
      "version": "6.0.0-beta.2",
      "resolved": "https://registry.npmjs.org/dropzone/-/dropzone-6.0.0-beta.2.tgz",
      "integrity": "sha512-k44yLuFFhRk53M8zP71FaaNzJYIzr99SKmpbO/oZKNslDjNXQsBTdfLs+iONd0U0L94zzlFzRnFdqbLcs7h9fQ==",
      "license": "MIT",
      "dependencies": {
        "@swc/helpers": "^0.2.13",
        "just-extend": "^5.0.0"
      }
    },
    "node_modules/just-extend": {
      "version": "5.1.1",
      "resolved": "https://registry.npmjs.org/just-extend/-/just-extend-5.1.1.tgz",
      "integrity": "sha512-b+z6yF1d4EOyDgylzQo5IminlUmzSeqR1hs/bzjBNjuGras4FXq/6TrzjxfN0j+TmI0ltJzTNlqXUMCniciwKQ==",
      "license": "MIT"
    },
    "node_modules/meyer-css": {
      "version": "2.0.1",
      "resolved": "https://registry.npmjs.org/meyer-css/-/meyer-css-2.0.1.tgz",
      "integrity": "sha512-x7cHWwl9whvhmqElS2SbY0gIgGpBR2oIjjF9Nt9fdtVPPFNexaSOgIbUvGh4OoW05ZcvTza5ByL82v0Qk+LU9Q==",
      "license": "none (public domain)"
    }
  }
}
